
Microsoft Visual Studio Solution File, Format Version 12.00
# Visual Studio Version 17
VisualStudioVersion = 17.4.33213.308
MinimumVisualStudioVersion = 10.0.40219.1
Project("{FAE04EC0-301F-11D3-BF4B-00C04F79EFBC}") = "autodarts-desktop", "autodarts-desktop\autodarts-desktop.csproj", "{7E7AC1AE-2B03-44FD-A33F-6A3106EA11D9}"
EndProject
Global
	GlobalSection(SolutionConfigurationPlatforms) = preSolution
		Debug|Any CPU = Debug|Any CPU
		Release|Any CPU = Release|Any CPU
	EndGlobalSection
	GlobalSection(ProjectConfigurationPlatforms) = postSolution
		{7E7AC1AE-2B03-44FD-A33F-6A3106EA11D9}.Debug|Any CPU.ActiveCfg = Debug|Any CPU
		{7E7AC1AE-2B03-44FD-A33F-6A3106EA11D9}.Debug|Any CPU.Build.0 = Debug|Any CPU
		{7E7AC1AE-2B03-44FD-A33F-6A3106EA11D9}.Release|Any CPU.ActiveCfg = Release|Any CPU
		{7E7AC1AE-2B03-44FD-A33F-6A3106EA11D9}.Release|Any CPU.Build.0 = Release|Any CPU
	EndGlobalSection
	GlobalSection(SolutionProperties) = preSolution
		HideSolutionNode = FALSE
	EndGlobalSection
	GlobalSection(ExtensibilityGlobals) = postSolution
		SolutionGuid = {D0A877E3-7C8D-435B-BECB-B21CB816E980}
	EndGlobalSection
EndGlobal
